github.com/aws/aws-sdk-go-v2 v1.25.0 h1:sv7+1JVJxOu/dD/sz/csHX7jFqmP001TIY7aytBWDSQ=
github.com/aws/aws-sdk-go-v2 v1.25.0/go.mod h1:G104G1Aho5WqF+SR3mDIobTABQzpYV0WxMsKxlMggOA=
github.com/aws/aws-sdk-go-v2/feature/dynamodb/attributevalue v1.13.2 h1:ksCAKvVacJbsCJAUWaCk4ZS254NByOKlB8V4dGVWC9c=
github.com/aws/aws-sdk-go-v2/feature/dynamodb/attributevalue v1.13.2/go.mod h1:vtaNpWHO0v6kWfS27bLuU9dklVj1YmdY/uSc4FqhBE0=
github.com/aws/aws-sdk-go-v2/service/dynamodb v1.29.0 h1:zZP5rgaQYyDw0nNZRsbYqwC4NS/KsmVKGSwm0EzYAzU=
github.com/aws/aws-sdk-go-v2/service/dynamodb v1.29.0/go.mod h1:DxfpJjhSt8Aab1PszcEo63xxUo6mzyUX5shTcxo8LSc=
github.com/aws/aws-sdk-go-v2/service/dynamodbstreams v1.19.1 h1:Wd1F42HO5ZJ+auc42VjnSvdUtB3apQdoM/SoRmaq7UA=
github.com/aws/aws-sdk-go-v2/service/dynamodbstreams v1.19.1/go.mod h1:0FgUg08+1knEoYHo0pa8ogm7D9sjH79lHnRzCNGk/6Q=
github.com/aws/smithy-go v1.20.0 h1:6+kZsCXZwKxZS9RfISnPc4EXlHoyAkm2hPuM8X2BrrQ=
github.com/aws/smithy-go v1.20.0/go.mod h1:uo5RKksAl4PzhqaAbjd4rLgFoq5koTsQKYuGe7dklGc=
github.com/google/go-cmp v0.5.8 h1:e6P7q2lk1O+qJJb4BtCQXlK8vWEO8V1ZeuEdJNOqZyg=
github.com/google/go-cmp v0.5.8/go.mod h1:17dUlkBOakJ0+DkrSSNjCkIjxS6bF9zb3elmeNGIjoY=
github.com/jmespath/go-jmespath v0.4.0 h1:BEgLn5cpjn8UN1mAw4NjwDrS35OdebyEtFe+9YPoQUg=
github.com/jmespath/go-jmespath v0.4.0/go.mod h1:T8mJZnbsbmF+m6zOOFylbeCJqk5+pHWvzYPziyZiYoo=
